{
	"name": "prueba-tecnica",
	"version": "1.0.0",
	"lockfileVersion": 2,
	"requires": true,
	"packages": {
		"": {
			"name": "prueba-tecnica",
			"version": "1.0.0",
			"license": "ISC",
			"dependencies": {
				"bmp-js": "^0.1.0",
				"fs": "^0.0.1-security"
			}
		},
		"node_modules/bmp-js": {
			"version": "0.1.0",
			"resolved": "https://registry.npmjs.org/bmp-js/-/bmp-js-0.1.0.tgz",
			"integrity": "sha1-4Fpj95amwf8l9Hcex62twUjAcjM="
		},
		"node_modules/fs": {
			"version": "0.0.1-security",
			"resolved": "https://registry.npmjs.org/fs/-/fs-0.0.1-security.tgz",
			"integrity": "sha1-invTcYa23d84E/I4WLV+yq9eQdQ="
		}
	},
	"dependencies": {
		"bmp-js": {
			"version": "0.1.0",
			"resolved": "https://registry.npmjs.org/bmp-js/-/bmp-js-0.1.0.tgz",
			"integrity": "sha1-4Fpj95amwf8l9Hcex62twUjAcjM="
		},
		"fs": {
			"version": "0.0.1-security",
			"resolved": "https://registry.npmjs.org/fs/-/fs-0.0.1-security.tgz",
			"integrity": "sha1-invTcYa23d84E/I4WLV+yq9eQdQ="
		}
	}
}
